
Microsoft Visual Studio Solution File, Format Version 12.00
# Visual Studio 15
Project("{FAE04EC0-301F-11D3-BF4B-00C04F79EFBC}") = "Assembly-CSharp", "Assembly-CSharp.csproj", "{A8255803-D4EB-27B1-662A-043CBAAF8509}"
EndProject
Project("{FAE04EC0-301F-11D3-BF4B-00C04F79EFBC}") = "Assembly-CSharp-Editor", "Assembly-CSharp-Editor.csproj", "{F5D341EF-7F84-0F70-3836-9A0F14AF88BA}"
EndProject
Global
	GlobalSection(SolutionConfigurationPlatforms) = preSolution
		Debug|Any CPU = Debug|Any CPU
		Release|Any CPU = Release|Any CPU
	EndGlobalSection
	GlobalSection(ProjectConfigurationPlatforms) = postSolution
		{A8255803-D4EB-27B1-662A-043CBAAF8509}.Debug|Any CPU.ActiveCfg = Debug|Any CPU
		{A8255803-D4EB-27B1-662A-043CBAAF8509}.Debug|Any CPU.Build.0 = Debug|Any CPU
		{A8255803-D4EB-27B1-662A-043CBAAF8509}.Release|Any CPU.ActiveCfg = Release|Any CPU
		{A8255803-D4EB-27B1-662A-043CBAAF8509}.Release|Any CPU.Build.0 = Release|Any CPU
		{F5D341EF-7F84-0F70-3836-9A0F14AF88BA}.Debug|Any CPU.ActiveCfg = Debug|Any CPU
		{F5D341EF-7F84-0F70-3836-9A0F14AF88BA}.Debug|Any CPU.Build.0 = Debug|Any CPU
		{F5D341EF-7F84-0F70-3836-9A0F14AF88BA}.Release|Any CPU.ActiveCfg = Release|Any CPU
		{F5D341EF-7F84-0F70-3836-9A0F14AF88BA}.Release|Any CPU.Build.0 = Release|Any CPU
	EndGlobalSection
	GlobalSection(SolutionProperties) = preSolution
		HideSolutionNode = FALSE
	EndGlobalSection
EndGlobal
