
Microsoft Visual Studio Solution File, Format Version 12.00
# Visual Studio 15
Project("{FAE04EC0-301F-11D3-BF4B-00C04F79EFBC}") = "Assembly-CSharp", "Assembly-CSharp.csproj", "{7E8CE08F-21C8-9243-CC8B-0CB084C8CA8B}"
EndProject
Project("{FAE04EC0-301F-11D3-BF4B-00C04F79EFBC}") = "Assembly-CSharp-Editor", "Assembly-CSharp-Editor.csproj", "{C2728F9F-7C9A-69F3-F405-A281EEACECA1}"
EndProject
Global
	GlobalSection(SolutionConfigurationPlatforms) = preSolution
		Debug|Any CPU = Debug|Any CPU
		Release|Any CPU = Release|Any CPU
	EndGlobalSection
	GlobalSection(ProjectConfigurationPlatforms) = postSolution
		{7E8CE08F-21C8-9243-CC8B-0CB084C8CA8B}.Debug|Any CPU.ActiveCfg = Debug|Any CPU
		{7E8CE08F-21C8-9243-CC8B-0CB084C8CA8B}.Debug|Any CPU.Build.0 = Debug|Any CPU
		{7E8CE08F-21C8-9243-CC8B-0CB084C8CA8B}.Release|Any CPU.ActiveCfg = Release|Any CPU
		{7E8CE08F-21C8-9243-CC8B-0CB084C8CA8B}.Release|Any CPU.Build.0 = Release|Any CPU
		{C2728F9F-7C9A-69F3-F405-A281EEACECA1}.Debug|Any CPU.ActiveCfg = Debug|Any CPU
		{C2728F9F-7C9A-69F3-F405-A281EEACECA1}.Debug|Any CPU.Build.0 = Debug|Any CPU
		{C2728F9F-7C9A-69F3-F405-A281EEACECA1}.Release|Any CPU.ActiveCfg = Release|Any CPU
		{C2728F9F-7C9A-69F3-F405-A281EEACECA1}.Release|Any CPU.Build.0 = Release|Any CPU
	EndGlobalSection
	GlobalSection(SolutionProperties) = preSolution
		HideSolutionNode = FALSE
	EndGlobalSection
EndGlobal
